PODS:
  - Localize-Swift (2.0.0)

DEPENDENCIES:
  - Localize-Swift (~> 2.0)

SPEC REPOS:
  https://github.com/cocoapods/specs.git:
    - Localize-Swift

SPEC CHECKSUMS:
  Localize-Swift: c798ec9286494866f7068f85f7c71283ac5bdab4

PODFILE CHECKSUM: 32e5eca3ce03d0def3fdeb4ca7210b516ccec044

COCOAPODS: 1.5.3
